
Microsoft Visual Studio Solution File, Format Version 12.00
# Visual Studio Version 17
VisualStudioVersion = 17.9.34622.214
MinimumVisualStudioVersion = 10.0.40219.1
Project("{FAE04EC0-301F-11D3-BF4B-00C04F79EFBC}") = "SchoolM8", "SchoolM8\SchoolM8.csproj", "{F1A5FDDB-8FDF-41F0-B2CA-6071D8A23171}"
EndProject
Global
	GlobalSection(SolutionConfigurationPlatforms) = preSolution
		Debug|Any CPU = Debug|Any CPU
		Release|Any CPU = Release|Any CPU
	EndGlobalSection
	GlobalSection(ProjectConfigurationPlatforms) = postSolution
		{F1A5FDDB-8FDF-41F0-B2CA-6071D8A23171}.Debug|Any CPU.ActiveCfg = Debug|Any CPU
		{F1A5FDDB-8FDF-41F0-B2CA-6071D8A23171}.Debug|Any CPU.Build.0 = Debug|Any CPU
		{F1A5FDDB-8FDF-41F0-B2CA-6071D8A23171}.Release|Any CPU.ActiveCfg = Release|Any CPU
		{F1A5FDDB-8FDF-41F0-B2CA-6071D8A23171}.Release|Any CPU.Build.0 = Release|Any CPU
	EndGlobalSection
	GlobalSection(SolutionProperties) = preSolution
		HideSolutionNode = FALSE
	EndGlobalSection
	GlobalSection(ExtensibilityGlobals) = postSolution
		SolutionGuid = {B88B9B10-421D-46A9-B87B-3588351E9CF1}
	EndGlobalSection
EndGlobal
